
Microsoft Visual Studio Solution File, Format Version 12.00
# Visual Studio 15
VisualStudioVersion = 15.0.28010.2016
MinimumVisualStudioVersion = 10.0.40219.1
Project("{FAE04EC0-301F-11D3-BF4B-00C04F79EFBC}") = "NES Online Game Injector", "NES Online Game Injector\NES Online Game Injector.csproj", "{94D9515A-6B0A-4028-AA5B-2C3FD84A04FF}"
EndProject
Project("{2150E333-8FDC-42A3-9474-1A3956D46DE8}") = "Solution Items", "Solution Items", "{12B52470-A1D6-4F86-83AB-A90F77AB7276}"
	ProjectSection(SolutionItems) = preProject
		NES Online Game Injector\PictureBoxExt.cs = NES Online Game Injector\PictureBoxExt.cs
		NES Online Game Injector\TGASharpLib.cs = NES Online Game Injector\TGASharpLib.cs
	EndProjectSection
EndProject
Global
	GlobalSection(SolutionConfigurationPlatforms) = preSolution
		Debug|Any CPU = Debug|Any CPU
		Release|Any CPU = Release|Any CPU
	EndGlobalSection
	GlobalSection(ProjectConfigurationPlatforms) = postSolution
		{94D9515A-6B0A-4028-AA5B-2C3FD84A04FF}.Debug|Any CPU.ActiveCfg = Debug|Any CPU
		{94D9515A-6B0A-4028-AA5B-2C3FD84A04FF}.Debug|Any CPU.Build.0 = Debug|Any CPU
		{94D9515A-6B0A-4028-AA5B-2C3FD84A04FF}.Release|Any CPU.ActiveCfg = Release|Any CPU
		{94D9515A-6B0A-4028-AA5B-2C3FD84A04FF}.Release|Any CPU.Build.0 = Release|Any CPU
	EndGlobalSection
	GlobalSection(SolutionProperties) = preSolution
		HideSolutionNode = FALSE
	EndGlobalSection
	GlobalSection(ExtensibilityGlobals) = postSolution
		SolutionGuid = {72896097-FADC-4677-BA50-A43AE218FC2B}
	EndGlobalSection
EndGlobal
